%{"cog_api": {:git, "https://github.com/operable/cog-api-client.git", "a0ff84847a11ea5e8fd6dc4696e41078fcb3bc0d", []},
  "configparser_ex": {:git, "https://github.com/operable/configparser_ex.git", "3d7dde3df793137bb1ab6cfbd7815faf98d04a4b", [branch: "vanstee/disable-comments"]},
  "ex_json_schema": {:hex, :ex_json_schema, "0.5.1", "83356e5a673d6fbe75da612a44b8f84942711630414d8be5e342f3597b03939a", [:mix], []},
  "exactor": {:hex, :exactor, "2.2.0", "2a7418b82d974fe8276edd62c1facf4a9dc06339cdf11b5dcd10359e107fe5c3", [:mix], []},
  "exjsx": {:hex, :exjsx, "3.2.0", "7136cc739ace295fc74c378f33699e5145bead4fdc1b4799822d0287489136fb", [:mix], [{:jsx, "~> 2.6.2", [hex: :jsx, optional: false]}]},
  "exvcr": {:hex, :exvcr, "0.8.2", "8ad46e077995e1ff1278b44001844fcd1e9c172bd1d9f6303e6c8f9ba8bbb679", [:mix], [{:exactor, "~> 2.2", [hex: :exactor, optional: false]}, {:exjsx, "~> 3.2", [hex: :exjsx, optional: false]}, {:httpoison, "~> 0.8", [hex: :httpoison, optional: true]}, {:httpotion, "~> 3.0", [hex: :httpotion, optional: true]}, {:ibrowse, "~> 4.2.2", [hex: :ibrowse, optional: true]}, {:meck, "~> 0.8.3", [hex: :meck, optional: false]}]},
  "getopt": {:git, "https://github.com/operable/getopt.git", "6014121002e3e34e8064486d4b34aedaa887f1c4", []},
  "httpotion": {:hex, :httpotion, "3.0.1", "6165e7fe4052dfeadd4b480e4ed6619975242ac91d577e4868af92613f9e99df", [:mix], [{:ibrowse, "~> 4.2", [hex: :ibrowse, optional: false]}]},
  "ibrowse": {:hex, :ibrowse, "4.2.2", "b32b5bafcc77b7277eff030ed32e1acc3f610c64e9f6aea19822abcadf681b4b", [:rebar3], []},
  "jsx": {:hex, :jsx, "2.6.2", "213721e058da0587a4bce3cc8a00ff6684ced229c8f9223245c6ff2c88fbaa5a", [:mix, :rebar], []},
  "meck": {:hex, :meck, "0.8.4", "59ca1cd971372aa223138efcf9b29475bde299e1953046a0c727184790ab1520", [:rebar, :make], []},
  "piper": {:git, "https://github.com/operable/piper.git", "8ca5d26df470d98c90ffd58412081a0d2ddd3ead", []},
  "poison": {:hex, :poison, "2.1.0", "f583218ced822675e484648fa26c933d621373f01c6c76bd00005d7bd4b82e27", [:mix], []},
  "spanner": {:git, "https://github.com/operable/spanner.git", "9a826e37397c84ff2e90954b9c8f89541aaad79e", []},
  "uuid": {:hex, :uuid, "1.1.5", "96cb36d86ee82f912efea4d50464a5df606bf3f1163d6bdbb302d98474969369", [:mix], []},
  "yamerl": {:hex, :yamerl, "0.3.2", "9eac1537d251e926f47763ab1db0d9e6e8f2397646c290d58aa6ceebc6832fb7", [:rebar3], []},
  "yaml_elixir": {:hex, :yaml_elixir, "1.2.1", "4a8ee3b25598100c710ff11dde4d79b6335608ac092d69aab45cc7475b5abc4d", [:mix], [{:yamerl, "~> 0.3.2", [hex: :yamerl, optional: false]}]}}
