%{"cog_api": {:git, "https://github.com/operable/cog-api-client.git", "79b1ec4eaa1eb2fa577e8a3294f054fef6b5d8c0", [ref: "79b1ec4eaa1eb2fa577e8a3294f054fef6b5d8c0"]},
  "configparser_ex": {:hex, :configparser_ex, "0.2.0"},
  "dialyxir": {:hex, :dialyxir, "0.3.3"},
  "getopt": {:git, "https://github.com/jcomellas/getopt.git", "388dc95caa7fb97ec7db8cfc39246a36aba61bd8", [tag: "v0.8.2"]},
  "httpotion": {:hex, :httpotion, "2.1.0"},
  "ibrowse": {:hex, :ibrowse, "4.2.2"},
  "poison": {:hex, :poison, "2.1.0"}}
